// !$*UTF8*$!
{
	archiveVersion = 1;
	classes = {
	};
	objectVersion = 50;
	objects = {

/* Begin PBXBuildFile section */
		097F52F925AFE30E0033E127 /* AppDelegate.swift in Sources */ = {isa = PBXBuildFile; fileRef = 097F52F825AFE30E0033E127 /* AppDelegate.swift */; };
		097F52FB25AFE30E0033E127 /* SceneDelegate.swift in Sources */ = {isa = PBXBuildFile; fileRef = 097F52FA25AFE30E0033E127 /* SceneDelegate.swift */; };
		097F52FD25AFE30E0033E127 /* ViewController.swift in Sources */ = {isa = PBXBuildFile; fileRef = 097F52FC25AFE30E0033E127 /* ViewController.swift */; };
		097F530025AFE30E0033E127 /* Main.storyboard in Resources */ = {isa = PBXBuildFile; fileRef = 097F52FE25AFE30E0033E127 /* Main.storyboard */; };
		097F530325AFE30E0033E127 /* FinGrowth___Finance_Manager.xcdatamodeld in Sources */ = {isa = PBXBuildFile; fileRef = 097F530125AFE30E0033E127 /* FinGrowth___Finance_Manager.xcdatamodeld */; };
		097F530525AFE3150033E127 /* Assets.xcassets in Resources */ = {isa = PBXBuildFile; fileRef = 097F530425AFE3150033E127 /* Assets.xcassets */; };
		097F530825AFE3150033E127 /* LaunchScreen.storyboard in Resources */ = {isa = PBXBuildFile; fileRef = 097F530625AFE3150033E127 /* LaunchScreen.storyboard */; };
		097F531325AFE3150033E127 /* FinGrowth___Finance_ManagerTests.swift in Sources */ = {isa = PBXBuildFile; fileRef = 097F531225AFE3150033E127 /* FinGrowth___Finance_ManagerTests.swift */; };
		097F531E25AFE3150033E127 /* FinGrowth___Finance_ManagerUITests.swift in Sources */ = {isa = PBXBuildFile; fileRef = 097F531D25AFE3150033E127 /* FinGrowth___Finance_ManagerUITests.swift */; };
/* End PBXBuildFile section */

/* Begin PBXContainerItemProxy section */
		097F530F25AFE3150033E127 /* PBXContainerItemProxy */ = {
			isa = PBXContainerItemProxy;
			containerPortal = 097F52ED25AFE30E0033E127 /* Project object */;
			proxyType = 1;
			remoteGlobalIDString = 097F52F425AFE30E0033E127;
			remoteInfo = "FinGrowth - Finance Manager";
		};
		097F531A25AFE3150033E127 /* PBXContainerItemProxy */ = {
			isa = PBXContainerItemProxy;
			containerPortal = 097F52ED25AFE30E0033E127 /* Project object */;
			proxyType = 1;
			remoteGlobalIDString = 097F52F425AFE30E0033E127;
			remoteInfo = "FinGrowth - Finance Manager";
		};
/* End PBXContainerItemProxy section */

/* Begin PBXFileReference section */
		097F52F525AFE30E0033E127 /* FinGrowth - Finance Manager.app */ = {isa = PBXFileReference; explicitFileType = wrapper.application; includeInIndex = 0; path = "FinGrowth - Finance Manager.app"; sourceTree = BUILT_PRODUCTS_DIR; };
		097F52F825AFE30E0033E127 /* AppDelegate.swift */ = {isa = PBXFileReference; lastKnownFileType = sourcecode.swift; path = AppDelegate.swift; sourceTree = "<group>"; };
		097F52FA25AFE30E0033E127 /* SceneDelegate.swift */ = {isa = PBXFileReference; lastKnownFileType = sourcecode.swift; path = SceneDelegate.swift; sourceTree = "<group>"; };
		097F52FC25AFE30E0033E127 /* ViewController.swift */ = {isa = PBXFileReference; lastKnownFileType = sourcecode.swift; path = ViewController.swift; sourceTree = "<group>"; };
		097F52FF25AFE30E0033E127 /* Base */ = {isa = PBXFileReference; lastKnownFileType = file.storyboard; name = Base; path = Base.lproj/Main.storyboard; sourceTree = "<group>"; };
		097F530225AFE30E0033E127 /* FinGrowth___Finance_Manager.xcdatamodel */ = {isa = PBXFileReference; lastKnownFileType = wrapper.xcdatamodel; path = "FinGrowth___Finance_Manager.xcdatamodel"; sourceTree = "<group>"; };
		097F530425AFE3150033E127 /* Assets.xcassets */ = {isa = PBXFileReference; lastKnownFileType = folder.assetcatalog; path = Assets.xcassets; sourceTree = "<group>"; };
		097F530725AFE3150033E127 /* Base */ = {isa = PBXFileReference; lastKnownFileType = file.storyboard; name = Base; path = Base.lproj/LaunchScreen.storyboard; sourceTree = "<group>"; };
		097F530925AFE3150033E127 /* Info.plist */ = {isa = PBXFileReference; lastKnownFileType = text.plist.xml; path = Info.plist; sourceTree = "<group>"; };
		097F530E25AFE3150033E127 /* FinGrowth - Finance ManagerTests.xctest */ = {isa = PBXFileReference; explicitFileType = wrapper.cfbundle; includeInIndex = 0; path = "FinGrowth - Finance ManagerTests.xctest"; sourceTree = BUILT_PRODUCTS_DIR; };
		097F531225AFE3150033E127 /* FinGrowth___Finance_ManagerTests.swift */ = {isa = PBXFileReference; lastKnownFileType = sourcecode.swift; path = "FinGrowth___Finance_ManagerTests.swift"; sourceTree = "<group>"; };
		097F531425AFE3150033E127 /* Info.plist */ = {isa = PBXFileReference; lastKnownFileType = text.plist.xml; path = Info.plist; sourceTree = "<group>"; };
		097F531925AFE3150033E127 /* FinGrowth - Finance ManagerUITests.xctest */ = {isa = PBXFileReference; explicitFileType = wrapper.cfbundle; includeInIndex = 0; path = "FinGrowth - Finance ManagerUITests.xctest"; sourceTree = BUILT_PRODUCTS_DIR; };
		097F531D25AFE3150033E127 /* FinGrowth___Finance_ManagerUITests.swift */ = {isa = PBXFileReference; lastKnownFileType = sourcecode.swift; path = "FinGrowth___Finance_ManagerUITests.swift"; sourceTree = "<group>"; };
		097F531F25AFE3150033E127 /* Info.plist */ = {isa = PBXFileReference; lastKnownFileType = text.plist.xml; path = Info.plist; sourceTree = "<group>"; };
/* End PBXFileReference section */

/* Begin PBXFrameworksBuildPhase section */
		097F52F225AFE30E0033E127 /* Frameworks */ = {
			isa = PBXFrameworksBuildPhase;
			buildActionMask = 2147483647;
			files = (
			);
			runOnlyForDeploymentPostprocessing = 0;
		};
		097F530B25AFE3150033E127 /* Frameworks */ = {
			isa = PBXFrameworksBuildPhase;
			buildActionMask = 2147483647;
			files = (
			);
			runOnlyForDeploymentPostprocessing = 0;
		};
		097F531625AFE3150033E127 /* Frameworks */ = {
			isa = PBXFrameworksBuildPhase;
			buildActionMask = 2147483647;
			files = (
			);
			runOnlyForDeploymentPostprocessing = 0;
		};
/* End PBXFrameworksBuildPhase section */

/* Begin PBXGroup section */
		097F52EC25AFE30E0033E127 = {
			isa = PBXGroup;
			children = (
				097F52F725AFE30E0033E127 /* FinGrowth - Finance Manager */,
				097F531125AFE3150033E127 /* FinGrowth - Finance ManagerTests */,
				097F531C25AFE3150033E127 /* FinGrowth - Finance ManagerUITests */,
				097F52F625AFE30E0033E127 /* Products */,
			);
			sourceTree = "<group>";
		};
		097F52F625AFE30E0033E127 /* Products */ = {
			isa = PBXGroup;
			children = (
				097F52F525AFE30E0033E127 /* FinGrowth - Finance Manager.app */,
				097F530E25AFE3150033E127 /* FinGrowth - Finance ManagerTests.xctest */,
				097F531925AFE3150033E127 /* FinGrowth - Finance ManagerUITests.xctest */,
			);
			name = Products;
			sourceTree = "<group>";
		};
		097F52F725AFE30E0033E127 /* FinGrowth - Finance Manager */ = {
			isa = PBXGroup;
			children = (
				097F52F825AFE30E0033E127 /* AppDelegate.swift */,
				097F52FA25AFE30E0033E127 /* SceneDelegate.swift */,
				097F52FC25AFE30E0033E127 /* ViewController.swift */,
				097F52FE25AFE30E0033E127 /* Main.storyboard */,
				097F530425AFE3150033E127 /* Assets.xcassets */,
				097F530625AFE3150033E127 /* LaunchScreen.storyboard */,
				097F530925AFE3150033E127 /* Info.plist */,
				097F530125AFE30E0033E127 /* FinGrowth___Finance_Manager.xcdatamodeld */,
			);
			path = "FinGrowth - Finance Manager";
			sourceTree = "<group>";
		};
		097F531125AFE3150033E127 /* FinGrowth - Finance ManagerTests */ = {
			isa = PBXGroup;
			children = (
				097F531225AFE3150033E127 /* FinGrowth___Finance_ManagerTests.swift */,
				097F531425AFE3150033E127 /* Info.plist */,
			);
			path = "FinGrowth - Finance ManagerTests";
			sourceTree = "<group>";
		};
		097F531C25AFE3150033E127 /* FinGrowth - Finance ManagerUITests */ = {
			isa = PBXGroup;
			children = (
				097F531D25AFE3150033E127 /* FinGrowth___Finance_ManagerUITests.swift */,
				097F531F25AFE3150033E127 /* Info.plist */,
			);
			path = "FinGrowth - Finance ManagerUITests";
			sourceTree = "<group>";
		};
/* End PBXGroup section */

/* Begin PBXNativeTarget section */
		097F52F425AFE30E0033E127 /* FinGrowth - Finance Manager */ = {
			isa = PBXNativeTarget;
			buildConfigurationList = 097F532225AFE3150033E127 /* Build configuration list for PBXNativeTarget "FinGrowth - Finance Manager" */;
			buildPhases = (
				097F52F125AFE30E0033E127 /* Sources */,
				097F52F225AFE30E0033E127 /* Frameworks */,
				097F52F325AFE30E0033E127 /* Resources */,
			);
			buildRules = (
			);
			dependencies = (
			);
			name = "FinGrowth - Finance Manager";
			productName = "FinGrowth - Finance Manager";
			productReference = 097F52F525AFE30E0033E127 /* FinGrowth - Finance Manager.app */;
			productType = "com.apple.product-type.application";
		};
		097F530D25AFE3150033E127 /* FinGrowth - Finance ManagerTests */ = {
			isa = PBXNativeTarget;
			buildConfigurationList = 097F532525AFE3150033E127 /* Build configuration list for PBXNativeTarget "FinGrowth - Finance ManagerTests" */;
			buildPhases = (
				097F530A25AFE3150033E127 /* Sources */,
				097F530B25AFE3150033E127 /* Frameworks */,
				097F530C25AFE3150033E127 /* Resources */,
			);
			buildRules = (
			);
			dependencies = (
				097F531025AFE3150033E127 /* PBXTargetDependency */,
			);
			name = "FinGrowth - Finance ManagerTests";
			productName = "FinGrowth - Finance ManagerTests";
			productReference = 097F530E25AFE3150033E127 /* FinGrowth - Finance ManagerTests.xctest */;
			productType = "com.apple.product-type.bundle.unit-test";
		};
		097F531825AFE3150033E127 /* FinGrowth - Finance ManagerUITests */ = {
			isa = PBXNativeTarget;
			buildConfigurationList = 097F532825AFE3150033E127 /* Build configuration list for PBXNativeTarget "FinGrowth - Finance ManagerUITests" */;
			buildPhases = (
				097F531525AFE3150033E127 /* Sources */,
				097F531625AFE3150033E127 /* Frameworks */,
				097F531725AFE3150033E127 /* Resources */,
			);
			buildRules = (
			);
			dependencies = (
				097F531B25AFE3150033E127 /* PBXTargetDependency */,
			);
			name = "FinGrowth - Finance ManagerUITests";
			productName = "FinGrowth - Finance ManagerUITests";
			productReference = 097F531925AFE3150033E127 /* FinGrowth - Finance ManagerUITests.xctest */;
			productType = "com.apple.product-type.bundle.ui-testing";
		};
/* End PBXNativeTarget section */

/* Begin PBXProject section */
		097F52ED25AFE30E0033E127 /* Project object */ = {
			isa = PBXProject;
			attributes = {
				LastSwiftUpdateCheck = 1230;
				LastUpgradeCheck = 1230;
				TargetAttributes = {
					097F52F425AFE30E0033E127 = {
						CreatedOnToolsVersion = 12.3;
					};
					097F530D25AFE3150033E127 = {
						CreatedOnToolsVersion = 12.3;
						TestTargetID = 097F52F425AFE30E0033E127;
					};
					097F531825AFE3150033E127 = {
						CreatedOnToolsVersion = 12.3;
						TestTargetID = 097F52F425AFE30E0033E127;
					};
				};
			};
			buildConfigurationList = 097F52F025AFE30E0033E127 /* Build configuration list for PBXProject "FinGrowth - Finance Manager" */;
			compatibilityVersion = "Xcode 9.3";
			developmentRegion = en;
			hasScannedForEncodings = 0;
			knownRegions = (
				en,
				Base,
			);
			mainGroup = 097F52EC25AFE30E0033E127;
			productRefGroup = 097F52F625AFE30E0033E127 /* Products */;
			projectDirPath = "";
			projectRoot = "";
			targets = (
				097F52F425AFE30E0033E127 /* FinGrowth - Finance Manager */,
				097F530D25AFE3150033E127 /* FinGrowth - Finance ManagerTests */,
				097F531825AFE3150033E127 /* FinGrowth - Finance ManagerUITests */,
			);
		};
/* End PBXProject section */

/* Begin PBXResourcesBuildPhase section */
		097F52F325AFE30E0033E127 /* Resources */ = {
			isa = PBXResourcesBuildPhase;
			buildActionMask = 2147483647;
			files = (
				097F530825AFE3150033E127 /* LaunchScreen.storyboard in Resources */,
				097F530525AFE3150033E127 /* Assets.xcassets in Resources */,
				097F530025AFE30E0033E127 /* Main.storyboard in Resources */,
			);
			runOnlyForDeploymentPostprocessing = 0;
		};
		097F530C25AFE3150033E127 /* Resources */ = {
			isa = PBXResourcesBuildPhase;
			buildActionMask = 2147483647;
			files = (
			);
			runOnlyForDeploymentPostprocessing = 0;
		};
		097F531725AFE3150033E127 /* Resources */ = {
			isa = PBXResourcesBuildPhase;
			buildActionMask = 2147483647;
			files = (
			);
			runOnlyForDeploymentPostprocessing = 0;
		};
/* End PBXResourcesBuildPhase section */

/* Begin PBXSourcesBuildPhase section */
		097F52F125AFE30E0033E127 /* Sources */ = {
			isa = PBXSourcesBuildPhase;
			buildActionMask = 2147483647;
			files = (
				097F52FD25AFE30E0033E127 /* ViewController.swift in Sources */,
				097F52F925AFE30E0033E127 /* AppDelegate.swift in Sources */,
				097F52FB25AFE30E0033E127 /* SceneDelegate.swift in Sources */,
				097F530325AFE30E0033E127 /* FinGrowth___Finance_Manager.xcdatamodeld in Sources */,
			);
			runOnlyForDeploymentPostprocessing = 0;
		};
		097F530A25AFE3150033E127 /* Sources */ = {
			isa = PBXSourcesBuildPhase;
			buildActionMask = 2147483647;
			files = (
				097F531325AFE3150033E127 /* FinGrowth___Finance_ManagerTests.swift in Sources */,
			);
			runOnlyForDeploymentPostprocessing = 0;
		};
		097F531525AFE3150033E127 /* Sources */ = {
			isa = PBXSourcesBuildPhase;
			buildActionMask = 2147483647;
			files = (
				097F531E25AFE3150033E127 /* FinGrowth___Finance_ManagerUITests.swift in Sources */,
			);
			runOnlyForDeploymentPostprocessing = 0;
		};
/* End PBXSourcesBuildPhase section */

/* Begin PBXTargetDependency section */
		097F531025AFE3150033E127 /* PBXTargetDependency */ = {
			isa = PBXTargetDependency;
			target = 097F52F425AFE30E0033E127 /* FinGrowth - Finance Manager */;
			targetProxy = 097F530F25AFE3150033E127 /* PBXContainerItemProxy */;
		};
		097F531B25AFE3150033E127 /* PBXTargetDependency */ = {
			isa = PBXTargetDependency;
			target = 097F52F425AFE30E0033E127 /* FinGrowth - Finance Manager */;
			targetProxy = 097F531A25AFE3150033E127 /* PBXContainerItemProxy */;
		};
/* End PBXTargetDependency section */

/* Begin PBXVariantGroup section */
		097F52FE25AFE30E0033E127 /* Main.storyboard */ = {
			isa = PBXVariantGroup;
			children = (
				097F52FF25AFE30E0033E127 /* Base */,
			);
			name = Main.storyboard;
			sourceTree = "<group>";
		};
		097F530625AFE3150033E127 /* LaunchScreen.storyboard */ = {
			isa = PBXVariantGroup;
			children = (
				097F530725AFE3150033E127 /* Base */,
			);
			name = LaunchScreen.storyboard;
			sourceTree = "<group>";
		};
/* End PBXVariantGroup section */

/* Begin XCBuildConfiguration section */
		097F532025AFE3150033E127 /* Debug */ = {
			isa = XCBuildConfiguration;
			buildSettings = {
				ALWAYS_SEARCH_USER_PATHS = NO;
				CLANG_ANALYZER_NONNULL = YES;
				CLANG_ANALYZER_NUMBER_OBJECT_CONVERSION = YES_AGGRESSIVE;
				CLANG_CXX_LANGUAGE_STANDARD = "gnu++14";
				CLANG_CXX_LIBRARY = "libc++";
				CLANG_ENABLE_MODULES = YES;
				CLANG_ENABLE_OBJC_ARC = YES;
				CLANG_ENABLE_OBJC_WEAK = YES;
				CLANG_WARN_BLOCK_CAPTURE_AUTORELEASING = YES;
				CLANG_WARN_BOOL_CONVERSION = YES;
				CLANG_WARN_COMMA = YES;
				CLANG_WARN_CONSTANT_CONVERSION = YES;
				CLANG_WARN_DEPRECATED_OBJC_IMPLEMENTATIONS = YES;
				CLANG_WARN_DIRECT_OBJC_ISA_USAGE = YES_ERROR;
				CLANG_WARN_DOCUMENTATION_COMMENTS = YES;
				CLANG_WARN_EMPTY_BODY = YES;
				CLANG_WARN_ENUM_CONVERSION = YES;
				CLANG_WARN_INFINITE_RECURSION = YES;
				CLANG_WARN_INT_CONVERSION = YES;
				CLANG_WARN_NON_LITERAL_NULL_CONVERSION = YES;
				CLANG_WARN_OBJC_IMPLICIT_RETAIN_SELF = YES;
				CLANG_WARN_OBJC_LITERAL_CONVERSION = YES;
				CLANG_WARN_OBJC_ROOT_CLASS = YES_ERROR;
				CLANG_WARN_QUOTED_INCLUDE_IN_FRAMEWORK_HEADER = YES;
				CLANG_WARN_RANGE_LOOP_ANALYSIS = YES;
				CLANG_WARN_STRICT_PROTOTYPES = YES;
				CLANG_WARN_SUSPICIOUS_MOVE = YES;
				CLANG_WARN_UNGUARDED_AVAILABILITY = YES_AGGRESSIVE;
				CLANG_WARN_UNREACHABLE_CODE = YES;
				CLANG_WARN__DUPLICATE_METHOD_MATCH = YES;
				COPY_PHASE_STRIP = NO;
				DEBUG_INFORMATION_FORMAT = dwarf;
				ENABLE_STRICT_OBJC_MSGSEND = YES;
				ENABLE_TESTABILITY = YES;
				GCC_C_LANGUAGE_STANDARD = gnu11;
				GCC_DYNAMIC_NO_PIC = NO;
				GCC_NO_COMMON_BLOCKS = YES;
				GCC_OPTIMIZATION_LEVEL = 0;
				GCC_PREPROCESSOR_DEFINITIONS = (
					"DEBUG=1",
					"$(inherited)",
				);
				GCC_WARN_64_TO_32_BIT_CONVERSION = YES;
				GCC_WARN_ABOUT_RETURN_TYPE = YES_ERROR;
				GCC_WARN_UNDECLARED_SELECTOR = YES;
				GCC_WARN_UNINITIALIZED_AUTOS = YES_AGGRESSIVE;
				GCC_WARN_UNUSED_FUNCTION = YES;
				GCC_WARN_UNUSED_VARIABLE = YES;
				IPHONEOS_DEPLOYMENT_TARGET = 14.3;
				MTL_ENABLE_DEBUG_INFO = INCLUDE_SOURCE;
				MTL_FAST_MATH = YES;
				ONLY_ACTIVE_ARCH = YES;
				SDKROOT = iphoneos;
				SWIFT_ACTIVE_COMPILATION_CONDITIONS = DEBUG;
				SWIFT_OPTIMIZATION_LEVEL = "-Onone";
			};
			name = Debug;
		};
		097F532125AFE3150033E127 /* Release */ = {
			isa = XCBuildConfiguration;
			buildSettings = {
				ALWAYS_SEARCH_USER_PATHS = NO;
				CLANG_ANALYZER_NONNULL = YES;
				CLANG_ANALYZER_NUMBER_OBJECT_CONVERSION = YES_AGGRESSIVE;
				CLANG_CXX_LANGUAGE_STANDARD = "gnu++14";
				CLANG_CXX_LIBRARY = "libc++";
				CLANG_ENABLE_MODULES = YES;
				CLANG_ENABLE_OBJC_ARC = YES;
				CLANG_ENABLE_OBJC_WEAK = YES;
				CLANG_WARN_BLOCK_CAPTURE_AUTORELEASING = YES;
				CLANG_WARN_BOOL_CONVERSION = YES;
				CLANG_WARN_COMMA = YES;
				CLANG_WARN_CONSTANT_CONVERSION = YES;
				CLANG_WARN_DEPRECATED_OBJC_IMPLEMENTATIONS = YES;
				CLANG_WARN_DIRECT_OBJC_ISA_USAGE = YES_ERROR;
				CLANG_WARN_DOCUMENTATION_COMMENTS = YES;
				CLANG_WARN_EMPTY_BODY = YES;
				CLANG_WARN_ENUM_CONVERSION = YES;
				CLANG_WARN_INFINITE_RECURSION = YES;
				CLANG_WARN_INT_CONVERSION = YES;
				CLANG_WARN_NON_LITERAL_NULL_CONVERSION = YES;
				CLANG_WARN_OBJC_IMPLICIT_RETAIN_SELF = YES;
				CLANG_WARN_OBJC_LITERAL_CONVERSION = YES;
				CLANG_WARN_OBJC_ROOT_CLASS = YES_ERROR;
				CLANG_WARN_QUOTED_INCLUDE_IN_FRAMEWORK_HEADER = YES;
				CLANG_WARN_RANGE_LOOP_ANALYSIS = YES;
				CLANG_WARN_STRICT_PROTOTYPES = YES;
				CLANG_WARN_SUSPICIOUS_MOVE = YES;
				CLANG_WARN_UNGUARDED_AVAILABILITY = YES_AGGRESSIVE;
				CLANG_WARN_UNREACHABLE_CODE = YES;
				CLANG_WARN__DUPLICATE_METHOD_MATCH = YES;
				COPY_PHASE_STRIP = NO;
				DEBUG_INFORMATION_FORMAT = "dwarf-with-dsym";
				ENABLE_NS_ASSERTIONS = NO;
				ENABLE_STRICT_OBJC_MSGSEND = YES;
				GCC_C_LANGUAGE_STANDARD = gnu11;
				GCC_NO_COMMON_BLOCKS = YES;
				GCC_WARN_64_TO_32_BIT_CONVERSION = YES;
				GCC_WARN_ABOUT_RETURN_TYPE = YES_ERROR;
				GCC_WARN_UNDECLARED_SELECTOR = YES;
				GCC_WARN_UNINITIALIZED_AUTOS = YES_AGGRESSIVE;
				GCC_WARN_UNUSED_FUNCTION = YES;
				GCC_WARN_UNUSED_VARIABLE = YES;
				IPHONEOS_DEPLOYMENT_TARGET = 14.3;
				MTL_ENABLE_DEBUG_INFO = NO;
				MTL_FAST_MATH = YES;
				SDKROOT = iphoneos;
				SWIFT_COMPILATION_MODE = wholemodule;
				SWIFT_OPTIMIZATION_LEVEL = "-O";
				VALIDATE_PRODUCT = YES;
			};
			name = Release;
		};
		097F532325AFE3150033E127 /* Debug */ = {
			isa = XCBuildConfiguration;
			buildSettings = {
				ASSETCATALOG_COMPILER_APPICON_NAME = AppIcon;
				ASSETCATALOG_COMPILER_GLOBAL_ACCENT_COLOR_NAME = AccentColor;
				CODE_SIGN_STYLE = Automatic;
				INFOPLIST_FILE = "FinGrowth - Finance Manager/Info.plist";
				LD_RUNPATH_SEARCH_PATHS = (
					"$(inherited)",
					"@executable_path/Frameworks",
				);
				PRODUCT_BUNDLE_IDENTIFIER = "sg.mad2.FinGrowth---Finance-Manager";
				PRODUCT_NAME = "$(TARGET_NAME)";
				SWIFT_VERSION = 5.0;
				TARGETED_DEVICE_FAMILY = "1,2";
			};
			name = Debug;
		};
		097F532425AFE3150033E127 /* Release */ = {
			isa = XCBuildConfiguration;
			buildSettings = {
				ASSETCATALOG_COMPILER_APPICON_NAME = AppIcon;
				ASSETCATALOG_COMPILER_GLOBAL_ACCENT_COLOR_NAME = AccentColor;
				CODE_SIGN_STYLE = Automatic;
				INFOPLIST_FILE = "FinGrowth - Finance Manager/Info.plist";
				LD_RUNPATH_SEARCH_PATHS = (
					"$(inherited)",
					"@executable_path/Frameworks",
				);
				PRODUCT_BUNDLE_IDENTIFIER = "sg.mad2.FinGrowth---Finance-Manager";
				PRODUCT_NAME = "$(TARGET_NAME)";
				SWIFT_VERSION = 5.0;
				TARGETED_DEVICE_FAMILY = "1,2";
			};
			name = Release;
		};
		097F532625AFE3150033E127 /* Debug */ = {
			isa = XCBuildConfiguration;
			buildSettings = {
				ALWAYS_EMBED_SWIFT_STANDARD_LIBRARIES = YES;
				BUNDLE_LOADER = "$(TEST_HOST)";
				CODE_SIGN_STYLE = Automatic;
				INFOPLIST_FILE = "FinGrowth - Finance ManagerTests/Info.plist";
				IPHONEOS_DEPLOYMENT_TARGET = 14.3;
				LD_RUNPATH_SEARCH_PATHS = (
					"$(inherited)",
					"@executable_path/Frameworks",
					"@loader_path/Frameworks",
				);
				PRODUCT_BUNDLE_IDENTIFIER = "sg.mad2.FinGrowth---Finance-ManagerTests";
				PRODUCT_NAME = "$(TARGET_NAME)";
				SWIFT_VERSION = 5.0;
				TARGETED_DEVICE_FAMILY = "1,2";
				TEST_HOST = "$(BUILT_PRODUCTS_DIR)/FinGrowth - Finance Manager.app/FinGrowth - Finance Manager";
			};
			name = Debug;
		};
		097F532725AFE3150033E127 /* Release */ = {
			isa = XCBuildConfiguration;
			buildSettings = {
				ALWAYS_EMBED_SWIFT_STANDARD_LIBRARIES = YES;
				BUNDLE_LOADER = "$(TEST_HOST)";
				CODE_SIGN_STYLE = Automatic;
				INFOPLIST_FILE = "FinGrowth - Finance ManagerTests/Info.plist";
				IPHONEOS_DEPLOYMENT_TARGET = 14.3;
				LD_RUNPATH_SEARCH_PATHS = (
					"$(inherited)",
					"@executable_path/Frameworks",
					"@loader_path/Frameworks",
				);
				PRODUCT_BUNDLE_IDENTIFIER = "sg.mad2.FinGrowth---Finance-ManagerTests";
				PRODUCT_NAME = "$(TARGET_NAME)";
				SWIFT_VERSION = 5.0;
				TARGETED_DEVICE_FAMILY = "1,2";
				TEST_HOST = "$(BUILT_PRODUCTS_DIR)/FinGrowth - Finance Manager.app/FinGrowth - Finance Manager";
			};
			name = Release;
		};
		097F532925AFE3150033E127 /* Debug */ = {
			isa = XCBuildConfiguration;
			buildSettings = {
				ALWAYS_EMBED_SWIFT_STANDARD_LIBRARIES = YES;
				CODE_SIGN_STYLE = Automatic;
				INFOPLIST_FILE = "FinGrowth - Finance ManagerUITests/Info.plist";
				LD_RUNPATH_SEARCH_PATHS = (
					"$(inherited)",
					"@executable_path/Frameworks",
					"@loader_path/Frameworks",
				);
				PRODUCT_BUNDLE_IDENTIFIER = "sg.mad2.FinGrowth---Finance-ManagerUITests";
				PRODUCT_NAME = "$(TARGET_NAME)";
				SWIFT_VERSION = 5.0;
				TARGETED_DEVICE_FAMILY = "1,2";
				TEST_TARGET_NAME = "FinGrowth - Finance Manager";
			};
			name = Debug;
		};
		097F532A25AFE3150033E127 /* Release */ = {
			isa = XCBuildConfiguration;
			buildSettings = {
				ALWAYS_EMBED_SWIFT_STANDARD_LIBRARIES = YES;
				CODE_SIGN_STYLE = Automatic;
				INFOPLIST_FILE = "FinGrowth - Finance ManagerUITests/Info.plist";
				LD_RUNPATH_SEARCH_PATHS = (
					"$(inherited)",
					"@executable_path/Frameworks",
					"@loader_path/Frameworks",
				);
				PRODUCT_BUNDLE_IDENTIFIER = "sg.mad2.FinGrowth---Finance-ManagerUITests";
				PRODUCT_NAME = "$(TARGET_NAME)";
				SWIFT_VERSION = 5.0;
				TARGETED_DEVICE_FAMILY = "1,2";
				TEST_TARGET_NAME = "FinGrowth - Finance Manager";
			};
			name = Release;
		};
/* End XCBuildConfiguration section */

/* Begin XCConfigurationList section */
		097F52F025AFE30E0033E127 /* Build configuration list for PBXProject "FinGrowth - Finance Manager" */ = {
			isa = XCConfigurationList;
			buildConfigurations = (
				097F532025AFE3150033E127 /* Debug */,
				097F532125AFE3150033E127 /* Release */,
			);
			defaultConfigurationIsVisible = 0;
			defaultConfigurationName = Release;
		};
		097F532225AFE3150033E127 /* Build configuration list for PBXNativeTarget "FinGrowth - Finance Manager" */ = {
			isa = XCConfigurationList;
			buildConfigurations = (
				097F532325AFE3150033E127 /* Debug */,
				097F532425AFE3150033E127 /* Release */,
			);
			defaultConfigurationIsVisible = 0;
			defaultConfigurationName = Release;
		};
		097F532525AFE3150033E127 /* Build configuration list for PBXNativeTarget "FinGrowth - Finance ManagerTests" */ = {
			isa = XCConfigurationList;
			buildConfigurations = (
				097F532625AFE3150033E127 /* Debug */,
				097F532725AFE3150033E127 /* Release */,
			);
			defaultConfigurationIsVisible = 0;
			defaultConfigurationName = Release;
		};
		097F532825AFE3150033E127 /* Build configuration list for PBXNativeTarget "FinGrowth - Finance ManagerUITests" */ = {
			isa = XCConfigurationList;
			buildConfigurations = (
				097F532925AFE3150033E127 /* Debug */,
				097F532A25AFE3150033E127 /* Release */,
			);
			defaultConfigurationIsVisible = 0;
			defaultConfigurationName = Release;
		};
/* End XCConfigurationList section */

/* Begin XCVersionGroup section */
		097F530125AFE30E0033E127 /* FinGrowth___Finance_Manager.xcdatamodeld */ = {
			isa = XCVersionGroup;
			children = (
				097F530225AFE30E0033E127 /* FinGrowth___Finance_Manager.xcdatamodel */,
			);
			currentVersion = 097F530225AFE30E0033E127 /* FinGrowth___Finance_Manager.xcdatamodel */;
			path = "FinGrowth___Finance_Manager.xcdatamodeld";
			sourceTree = "<group>";
			versionGroupType = wrapper.xcdatamodel;
		};
/* End XCVersionGroup section */
	};
	rootObject = 097F52ED25AFE30E0033E127 /* Project object */;
}
